{
    "_readme": [
        "This file locks the dependencies of your project to a known state",
        "Read more about it at https://getcomposer.org/doc/01-basic-usage.md#installing-dependencies",
        "This file is @generated automatically"
    ],
    "content-hash": "fc2f77cf654cec62f5f06ba2d25fc30d",
    "packages": [
        {
            "name": "altorouter/altorouter",
            "version": "2.0.2",
            "source": {
                "type": "git",
                "url": "https://github.com/dannyvankooten/AltoRouter.git",
                "reference": "f6fede4f94ced7c22ba63a9b8af0bf2dc38e3cb2"
            },
            "dist": {
                "type": "zip",
                "url": "https://api.github.com/repos/dannyvankooten/AltoRouter/zipball/f6fede4f94ced7c22ba63a9b8af0bf2dc38e3cb2",
                "reference": "f6fede4f94ced7c22ba63a9b8af0bf2dc38e3cb2",
                "shasum": ""
            },
            "require": {
                "php": ">=5.6.0"
            },
            "require-dev": {
                "codeclimate/php-test-reporter": "dev-master",
                "phpunit/phpunit": "5.7.*",
                "squizlabs/php_codesniffer": "3.4.2"
            },
            "type": "library",
            "autoload": {
                "classmap": [
                    "AltoRouter.php"
                ]
            },
            "notification-url": "https://packagist.org/downloads/",
            "license": [
                "MIT"
            ],
            "authors": [
                {
                    "name": "Danny van Kooten",
                    "email": "dannyvankooten@gmail.com",
                    "homepage": "http://dannyvankooten.com/"
                },
                {
                    "name": "Koen Punt",
                    "homepage": "https://github.com/koenpunt"
                },
                {
                    "name": "niahoo",
                    "homepage": "https://github.com/niahoo"
                }
            ],
            "description": "A lightning fast router for PHP",
            "homepage": "https://github.com/dannyvankooten/AltoRouter",
            "keywords": [
                "lightweight",
                "router",
                "routing"
            ],
            "support": {
                "issues": "https://github.com/dannyvankooten/AltoRouter/issues",
                "source": "https://github.com/dannyvankooten/AltoRouter/tree/2.0.2"
            },
            "time": "2020-03-09T08:34:59+00:00"
        },
        {
            "name": "composer/installers",
            "version": "v2.2.0",
            "source": {
                "type": "git",
                "url": "https://github.com/composer/installers.git",
                "reference": "c29dc4b93137acb82734f672c37e029dfbd95b35"
            },
            "dist": {
                "type": "zip",
                "url": "https://api.github.com/repos/composer/installers/zipball/c29dc4b93137acb82734f672c37e029dfbd95b35",
                "reference": "c29dc4b93137acb82734f672c37e029dfbd95b35",
                "shasum": ""
            },
            "require": {
                "composer-plugin-api": "^1.0 || ^2.0",
                "php": "^7.2 || ^8.0"
            },
            "require-dev": {
                "composer/composer": "1.6.* || ^2.0",
                "composer/semver": "^1 || ^3",
                "phpstan/phpstan": "^0.12.55",
                "phpstan/phpstan-phpunit": "^0.12.16",
                "symfony/phpunit-bridge": "^5.3",
                "symfony/process": "^5"
            },
            "type": "composer-plugin",
            "extra": {
                "class": "Composer\\Installers\\Plugin",
                "branch-alias": {
                    "dev-main": "2.x-dev"
                },
                "plugin-modifies-install-path": true
            },
            "autoload": {
                "psr-4": {
                    "Composer\\Installers\\": "src/Composer/Installers"
                }
            },
            "notification-url": "https://packagist.org/downloads/",
            "license": [
                "MIT"
            ],
            "authors": [
                {
                    "name": "Kyle Robinson Young",
                    "email": "kyle@dontkry.com",
                    "homepage": "https://github.com/shama"
                }
            ],
            "description": "A multi-framework Composer library installer",
            "homepage": "https://composer.github.io/installers/",
            "keywords": [
                "Dolibarr",
                "Eliasis",
                "Hurad",
                "ImageCMS",
                "Kanboard",
                "Lan Management System",
                "MODX Evo",
                "MantisBT",
                "Mautic",
                "Maya",
                "OXID",
                "Plentymarkets",
                "Porto",
                "RadPHP",
                "SMF",
                "Starbug",
                "Thelia",
                "Whmcs",
                "WolfCMS",
                "agl",
                "annotatecms",
                "attogram",
                "bitrix",
                "cakephp",
                "chef",
                "cockpit",
                "codeigniter",
                "concrete5",
                "croogo",
                "dokuwiki",
                "drupal",
                "eZ Platform",
                "elgg",
                "expressionengine",
                "fuelphp",
                "grav",
                "installer",
                "itop",
                "known",
                "kohana",
                "laravel",
                "lavalite",
                "lithium",
                "magento",
                "majima",
                "mako",
                "matomo",
                "mediawiki",
                "miaoxing",
                "modulework",
                "modx",
                "moodle",
                "osclass",
                "pantheon",
                "phpbb",
                "piwik",
                "ppi",
                "processwire",
                "puppet",
                "pxcms",
                "reindex",
                "roundcube",
                "shopware",
                "silverstripe",
                "sydes",
                "sylius",
                "tastyigniter",
                "wordpress",
                "yawik",
                "zend",
                "zikula"
            ],
            "support": {
                "issues": "https://github.com/composer/installers/issues",
                "source": "https://github.com/composer/installers/tree/v2.2.0"
            },
            "funding": [
                {
                    "url": "https://packagist.com",
                    "type": "custom"
                },
                {
                    "url": "https://github.com/composer",
                    "type": "github"
                },
                {
                    "url": "https://tidelift.com/funding/github/packagist/composer/composer",
                    "type": "tidelift"
                }
            ],
            "time": "2022-08-20T06:45:11+00:00"
        },
        {
            "name": "dashifen/bumper",
            "version": "1.0.3",
            "source": {
                "type": "git",
                "url": "https://github.com/dashifen/bumper.git",
                "reference": "0c9f32c2f582ebc370671a34223089c4772fb477"
            },
            "dist": {
                "type": "zip",
                "url": "https://api.github.com/repos/dashifen/bumper/zipball/0c9f32c2f582ebc370671a34223089c4772fb477",
                "reference": "0c9f32c2f582ebc370671a34223089c4772fb477",
                "shasum": ""
            },
            "require": {
                "dashifen/exception": "^1.2",
                "dashifen/git-branch": "^1.0",
                "dashifen/repository": "^3.1",
                "dashifen/version": "^1.0"
            },
            "type": "library",
            "autoload": {
                "psr-4": {
                    "Dashifen\\Composer\\": "src"
                }
            },
            "notification-url": "https://packagist.org/downloads/",
            "license": [
                "proprietary"
            ],
            "authors": [
                {
                    "name": "David Dashifen Kees",
                    "email": "dashifen@dashifen.com",
                    "role": "developer"
                }
            ],
            "description": "A PHP script that uses the current Git branch name to update version numbers in a list of files.",
            "support": {
                "issues": "https://github.com/dashifen/bumper/issues",
                "source": "https://github.com/dashifen/bumper/tree/1.0.3"
            },
            "time": "2023-05-20T20:00:25+00:00"
        },
        {
            "name": "dashifen/case-changing-trait",
            "version": "1.0.1",
            "source": {
                "type": "git",
                "url": "https://github.com/dashifen/case-changing-trait.git",
                "reference": "950e54a87a77f0fc960ad4c2d3e43e4cde04e144"
            },
            "dist": {
                "type": "zip",
                "url": "https://api.github.com/repos/dashifen/case-changing-trait/zipball/950e54a87a77f0fc960ad4c2d3e43e4cde04e144",
                "reference": "950e54a87a77f0fc960ad4c2d3e43e4cde04e144",
                "shasum": ""
            },
            "require": {
                "php": ">= 7.4"
            },
            "type": "library",
            "autoload": {
                "psr-4": {
                    "Dashifen\\CaseChangingTrait\\": "src"
                }
            },
            "notification-url": "https://packagist.org/downloads/",
            "license": [
                "MIT"
            ],
            "authors": [
                {
                    "name": "David Dashifen Kees",
                    "email": "dashifen@dashifen.com",
                    "role": "developer"
                }
            ],
            "description": "A PHP trait that converts between common programming character cases.",
            "support": {
                "issues": "https://github.com/dashifen/case-changing-trait/issues",
                "source": "https://github.com/dashifen/case-changing-trait/tree/1.0.1"
            },
            "time": "2021-04-07T12:54:46+00:00"
        },
        {
            "name": "dashifen/collection",
            "version": "2.1.0",
            "source": {
                "type": "git",
                "url": "https://github.com/dashifen/collection.git",
                "reference": "fbe31167b868fb8ced2b6c637039a8ff10749bba"
            },
            "dist": {
                "type": "zip",
                "url": "https://api.github.com/repos/dashifen/collection/zipball/fbe31167b868fb8ced2b6c637039a8ff10749bba",
                "reference": "fbe31167b868fb8ced2b6c637039a8ff10749bba",
                "shasum": ""
            },
            "require": {
                "dashifen/exception": "^1.2",
                "php": ">=7.4"
            },
            "type": "project",
            "autoload": {
                "psr-4": {
                    "Dashifen\\Collection\\": "src"
                }
            },
            "notification-url": "https://packagist.org/downloads/",
            "license": [
                "MIT"
            ],
            "authors": [
                {
                    "name": "David Dashifen Kees",
                    "email": "dashifen@dashifen.com",
                    "role": "developer"
                }
            ],
            "description": "An abstract object from which concrete collections can be built.",
            "support": {
                "issues": "https://github.com/dashifen/collection/issues",
                "source": "https://github.com/dashifen/collection/tree/2.1.0"
            },
            "time": "2022-03-02T17:15:14+00:00"
        },
        {
            "name": "dashifen/debugging",
            "version": "1.0.1",
            "source": {
                "type": "git",
                "url": "https://github.com/dashifen/debugging.git",
                "reference": "6898e2ab451b4e6d8e3825d65223181c8351eaa2"
            },
            "dist": {
                "type": "zip",
                "url": "https://api.github.com/repos/dashifen/debugging/zipball/6898e2ab451b4e6d8e3825d65223181c8351eaa2",
                "reference": "6898e2ab451b4e6d8e3825d65223181c8351eaa2",
                "shasum": ""
            },
            "type": "library",
            "autoload": {
                "psr-4": {
                    "Dashifen\\Debugging\\": "src"
                }
            },
            "notification-url": "https://packagist.org/downloads/",
            "license": [
                "MIT"
            ],
            "authors": [
                {
                    "name": "David Dashifen Kees",
                    "email": "dashifen@dashifen.com",
                    "role": "developer"
                }
            ],
            "description": "A PHP Trait that defines static methods used for on-screen debugging.",
            "support": {
                "issues": "https://github.com/dashifen/debugging/issues",
                "source": "https://github.com/dashifen/debugging/tree/1.0.1"
            },
            "time": "2020-12-09T19:27:09+00:00"
        },
        {
            "name": "dashifen/exception",
            "version": "1.2.0",
            "source": {
                "type": "git",
                "url": "https://github.com/dashifen/exception.git",
                "reference": "e795e1d973e9f781eb3a8371b6299c852eef9bc1"
            },
            "dist": {
                "type": "zip",
                "url": "https://api.github.com/repos/dashifen/exception/zipball/e795e1d973e9f781eb3a8371b6299c852eef9bc1",
                "reference": "e795e1d973e9f781eb3a8371b6299c852eef9bc1",
                "shasum": ""
            },
            "require": {
                "php": ">=7.3"
            },
            "type": "library",
            "autoload": {
                "psr-4": {
                    "Dashifen\\Exception\\": "src/"
                }
            },
            "notification-url": "https://packagist.org/downloads/",
            "license": [
                "MIT"
            ],
            "authors": [
                {
                    "name": "David Dashifen Kees",
                    "email": "dashifen@dashifen.com",
                    "homepage": "https://dashifen.com",
                    "role": "developer"
                }
            ],
            "description": "a base class for exceptions in Dashifen's other work",
            "support": {
                "issues": "https://github.com/dashifen/exception/issues",
                "source": "https://github.com/dashifen/exception/tree/1.2.0"
            },
            "time": "2019-12-12T14:26:49+00:00"
        },
        {
            "name": "dashifen/git-branch",
            "version": "1.1.0",
            "source": {
                "type": "git",
                "url": "https://github.com/dashifen/git-branch.git",
                "reference": "8bc3979b5b53bc04cd23d7e93f7d573200a1f10b"
            },
            "dist": {
                "type": "zip",
                "url": "https://api.github.com/repos/dashifen/git-branch/zipball/8bc3979b5b53bc04cd23d7e93f7d573200a1f10b",
                "reference": "8bc3979b5b53bc04cd23d7e93f7d573200a1f10b",
                "shasum": ""
            },
            "require": {
                "dashifen/exception": "^1.2",
                "dashifen/repository": "^3.1",
                "phlak/semver": "^4.0"
            },
            "type": "library",
            "autoload": {
                "psr-4": {
                    "Dashifen\\Git\\": "src"
                }
            },
            "notification-url": "https://packagist.org/downloads/",
            "license": [
                "proprietary"
            ],
            "authors": [
                {
                    "name": "David Dashifen Kees",
                    "email": "dashifen@dashifen.com",
                    "role": "developer"
                }
            ],
            "description": "An object that encapsulates information embedded in my branch naming scheme.",
            "support": {
                "issues": "https://github.com/dashifen/git-branch/issues",
                "source": "https://github.com/dashifen/git-branch/tree/1.1.0"
            },
            "time": "2022-06-22T18:59:47+00:00"
        },
        {
            "name": "dashifen/repository",
            "version": "3.1.4",
            "source": {
                "type": "git",
                "url": "https://github.com/dashifen/repository.git",
                "reference": "486b568e0e9c5b44b5f746aa1794907eab27bb19"
            },
            "dist": {
                "type": "zip",
                "url": "https://api.github.com/repos/dashifen/repository/zipball/486b568e0e9c5b44b5f746aa1794907eab27bb19",
                "reference": "486b568e0e9c5b44b5f746aa1794907eab27bb19",
                "shasum": ""
            },
            "require": {
                "dashifen/case-changing-trait": "^1",
                "dashifen/exception": "^1",
                "ext-json": "*",
                "php": ">=7.4"
            },
            "type": "library",
            "autoload": {
                "psr-4": {
                    "Dashifen\\Repository\\": "src"
                }
            },
            "notification-url": "https://packagist.org/downloads/",
            "license": [
                "WTFPL"
            ],
            "authors": [
                {
                    "name": "David Dashifen Kees",
                    "email": "dashifen@dashifen.com",
                    "role": "developer"
                }
            ],
            "description": "An object with read-only protected properties from which other objects can be extened.",
            "support": {
                "issues": "https://github.com/dashifen/repository/issues",
                "source": "https://github.com/dashifen/repository/tree/3.1.4"
            },
            "time": "2023-05-30T13:28:50+00:00"
        },
        {
            "name": "dashifen/transformer",
            "version": "2.2.0",
            "source": {
                "type": "git",
                "url": "https://github.com/dashifen/transformer.git",
                "reference": "95202e9740b145c0fb94821115dd049c1a0a2c34"
            },
            "dist": {
                "type": "zip",
                "url": "https://api.github.com/repos/dashifen/transformer/zipball/95202e9740b145c0fb94821115dd049c1a0a2c34",
                "reference": "95202e9740b145c0fb94821115dd049c1a0a2c34",
                "shasum": ""
            },
            "require": {
                "dashifen/exception": "^1.2",
                "php": ">=7.3"
            },
            "type": "project",
            "autoload": {
                "psr-4": {
                    "Dashifen\\Transformer\\": "src"
                }
            },
            "notification-url": "https://packagist.org/downloads/",
            "license": [
                "MIT"
            ],
            "authors": [
                {
                    "name": "David Dashifen Kees",
                    "email": "dashifen@dashifen.com",
                    "role": "developer"
                }
            ],
            "description": "An interface and abstract class useful for the production of objects which transform data.",
            "support": {
                "issues": "https://github.com/dashifen/transformer/issues",
                "source": "https://github.com/dashifen/transformer/tree/2.2.0"
            },
            "time": "2020-03-11T14:56:21+00:00"
        },
        {
            "name": "dashifen/version",
            "version": "1.0.0",
            "source": {
                "type": "git",
                "url": "https://github.com/dashifen/version.git",
                "reference": "6ae1cfc2f57657cc68e005272a6005323f9a929b"
            },
            "dist": {
                "type": "zip",
                "url": "https://api.github.com/repos/dashifen/version/zipball/6ae1cfc2f57657cc68e005272a6005323f9a929b",
                "reference": "6ae1cfc2f57657cc68e005272a6005323f9a929b",
                "shasum": ""
            },
            "require": {
                "phlak/semver": "^4.0"
            },
            "type": "library",
            "autoload": {
                "psr-4": {
                    "Dashifen\\Version\\": "src"
                }
            },
            "notification-url": "https://packagist.org/downloads/",
            "license": [
                "MIT"
            ],
            "authors": [
                {
                    "name": "David Dashifen Kees",
                    "email": "dashifen@dashifen.com"
                }
            ],
            "description": " A object that encapsulates logic based on semantic versioning.",
            "support": {
                "issues": "https://github.com/dashifen/version/issues",
                "source": "https://github.com/dashifen/version/tree/1.0.0"
            },
            "time": "2022-06-22T17:21:06+00:00"
        },
        {
            "name": "dashifen/wp-debugging",
            "version": "1.0.1",
            "source": {
                "type": "git",
                "url": "https://github.com/dashifen/wp-debugging.git",
                "reference": "aa461ad9c36283466bd120660ff7a7c68eb521b0"
            },
            "dist": {
                "type": "zip",
                "url": "https://api.github.com/repos/dashifen/wp-debugging/zipball/aa461ad9c36283466bd120660ff7a7c68eb521b0",
                "reference": "aa461ad9c36283466bd120660ff7a7c68eb521b0",
                "shasum": ""
            },
            "require": {
                "dashifen/debugging": "^1.0"
            },
            "type": "library",
            "autoload": {
                "psr-4": {
                    "Dashifen\\WPDebugging\\": "src"
                }
            },
            "notification-url": "https://packagist.org/downloads/",
            "license": [
                "proprietary"
            ],
            "authors": [
                {
                    "name": "David Dashifen Kees",
                    "email": "dashifen@dashifen.com",
                    "role": "developer"
                }
            ],
            "description": "A PHP trait that can be used by other objects for on-screen debugging within a WordPress environment.",
            "support": {
                "issues": "https://github.com/dashifen/wp-debugging/issues",
                "source": "https://github.com/dashifen/wp-debugging/tree/1.0.1"
            },
            "time": "2020-12-09T19:29:51+00:00"
        },
        {
            "name": "dashifen/wp-handler",
            "version": "10.12.1",
            "source": {
                "type": "git",
                "url": "https://github.com/dashifen/wp-handler.git",
                "reference": "77f3ac63b21f3a1796ddee5de83ff19250891d5b"
            },
            "dist": {
                "type": "zip",
                "url": "https://api.github.com/repos/dashifen/wp-handler/zipball/77f3ac63b21f3a1796ddee5de83ff19250891d5b",
                "reference": "77f3ac63b21f3a1796ddee5de83ff19250891d5b",
                "shasum": ""
            },
            "require": {
                "dashifen/collection": "^2",
                "dashifen/exception": "^1",
                "dashifen/repository": "^3",
                "dashifen/transformer": "^2",
                "dashifen/wp-debugging": "^1",
                "php": ">=7.4"
            },
            "require-dev": {
                "wp-cli/wp-cli": "^2.5"
            },
            "type": "project",
            "autoload": {
                "psr-4": {
                    "Dashifen\\WPHandler\\": "src"
                }
            },
            "notification-url": "https://packagist.org/downloads/",
            "license": [
                "MIT"
            ],
            "authors": [
                {
                    "name": "David Dashifen Kees",
                    "email": "dashifen@dashifen.com",
                    "role": "developer"
                }
            ],
            "description": "An object to define handlers for various WordPress action and filter hooks using protected methods. ",
            "support": {
                "issues": "https://github.com/dashifen/wp-handler/issues",
                "source": "https://github.com/dashifen/wp-handler/tree/10.12.1"
            },
            "time": "2023-06-22T12:14:37+00:00"
        },
        {
            "name": "dashifen/wp-templates",
            "version": "5.1.2",
            "source": {
                "type": "git",
                "url": "https://github.com/dashifen/wp-templates.git",
                "reference": "e31adb91c6050b578bb9578d6651894b9a05832a"
            },
            "dist": {
                "type": "zip",
                "url": "https://api.github.com/repos/dashifen/wp-templates/zipball/e31adb91c6050b578bb9578d6651894b9a05832a",
                "reference": "e31adb91c6050b578bb9578d6651894b9a05832a",
                "shasum": ""
            },
            "require": {
                "dashifen/repository": "^3",
                "dashifen/wp-debugging": "^1.0",
                "php": ">=7.4"
            },
            "type": "project",
            "autoload": {
                "psr-4": {
                    "Dashifen\\WPTemplates\\": "src"
                }
            },
            "notification-url": "https://packagist.org/downloads/",
            "license": [
                "MIT"
            ],
            "authors": [
                {
                    "name": "David Dashifen Kees",
                    "email": "dashifen@dashifen.com",
                    "role": "developer"
                }
            ],
            "description": "A series of objects that encapsulate behaviors for WordPress templates.",
            "support": {
                "issues": "https://github.com/dashifen/wp-templates/issues",
                "source": "https://github.com/dashifen/wp-templates/tree/5.1.2"
            },
            "time": "2021-10-27T21:11:46+00:00"
        },
        {
            "name": "phlak/semver",
            "version": "4.1.0",
            "source": {
                "type": "git",
                "url": "https://github.com/PHLAK/SemVer.git",
                "reference": "decdb385f26f2f8da2748289534fa3e61347917e"
            },
            "dist": {
                "type": "zip",
                "url": "https://api.github.com/repos/PHLAK/SemVer/zipball/decdb385f26f2f8da2748289534fa3e61347917e",
                "reference": "decdb385f26f2f8da2748289534fa3e61347917e",
                "shasum": ""
            },
            "require": {
                "php": ">=7.2"
            },
            "require-dev": {
                "phlak/coding-standards": "^2.0",
                "psy/psysh": "^0.11.1",
                "vimeo/psalm": "^4.3",
                "yoast/phpunit-polyfills": "^1.0"
            },
            "type": "library",
            "autoload": {
                "files": [
                    "src/Support/helpers.php"
                ],
                "psr-4": {
                    "PHLAK\\SemVer\\": "src/"
                }
            },
            "notification-url": "https://packagist.org/downloads/",
            "license": [
                "MIT"
            ],
            "authors": [
                {
                    "name": "Chris Kankiewicz",
                    "email": "Chris@ChrisKankiewicz.com"
                }
            ],
            "description": "Semantic versioning helper library",
            "support": {
                "issues": "https://github.com/PHLAK/SemVer/issues",
                "source": "https://github.com/PHLAK/SemVer/tree/4.1.0"
            },
            "funding": [
                {
                    "url": "https://github.com/sponsors/PHLAK",
                    "type": "github"
                },
                {
                    "url": "https://paypal.me/ChrisKankiewicz",
                    "type": "paypal"
                }
            ],
            "time": "2022-12-23T20:28:04+00:00"
        },
        {
            "name": "symfony/polyfill-ctype",
            "version": "v1.28.0",
            "source": {
                "type": "git",
                "url": "https://github.com/symfony/polyfill-ctype.git",
                "reference": "ea208ce43cbb04af6867b4fdddb1bdbf84cc28cb"
            },
            "dist": {
                "type": "zip",
                "url": "https://api.github.com/repos/symfony/polyfill-ctype/zipball/ea208ce43cbb04af6867b4fdddb1bdbf84cc28cb",
                "reference": "ea208ce43cbb04af6867b4fdddb1bdbf84cc28cb",
                "shasum": ""
            },
            "require": {
                "php": ">=7.1"
            },
            "provide": {
                "ext-ctype": "*"
            },
            "suggest": {
                "ext-ctype": "For best performance"
            },
            "type": "library",
            "extra": {
                "branch-alias": {
                    "dev-main": "1.28-dev"
                },
                "thanks": {
                    "name": "symfony/polyfill",
                    "url": "https://github.com/symfony/polyfill"
                }
            },
            "autoload": {
                "files": [
                    "bootstrap.php"
                ],
                "psr-4": {
                    "Symfony\\Polyfill\\Ctype\\": ""
                }
            },
            "notification-url": "https://packagist.org/downloads/",
            "license": [
                "MIT"
            ],
            "authors": [
                {
                    "name": "Gert de Pagter",
                    "email": "BackEndTea@gmail.com"
                },
                {
                    "name": "Symfony Community",
                    "homepage": "https://symfony.com/contributors"
                }
            ],
            "description": "Symfony polyfill for ctype functions",
            "homepage": "https://symfony.com",
            "keywords": [
                "compatibility",
                "ctype",
                "polyfill",
                "portable"
            ],
            "support": {
                "source": "https://github.com/symfony/polyfill-ctype/tree/v1.28.0"
            },
            "funding": [
                {
                    "url": "https://symfony.com/sponsor",
                    "type": "custom"
                },
                {
                    "url": "https://github.com/fabpot",
                    "type": "github"
                },
                {
                    "url": "https://tidelift.com/funding/github/packagist/symfony/symfony",
                    "type": "tidelift"
                }
            ],
            "time": "2023-01-26T09:26:14+00:00"
        },
        {
            "name": "symfony/polyfill-mbstring",
            "version": "v1.28.0",
            "source": {
                "type": "git",
                "url": "https://github.com/symfony/polyfill-mbstring.git",
                "reference": "42292d99c55abe617799667f454222c54c60e229"
            },
            "dist": {
                "type": "zip",
                "url": "https://api.github.com/repos/symfony/polyfill-mbstring/zipball/42292d99c55abe617799667f454222c54c60e229",
                "reference": "42292d99c55abe617799667f454222c54c60e229",
                "shasum": ""
            },
            "require": {
                "php": ">=7.1"
            },
            "provide": {
                "ext-mbstring": "*"
            },
            "suggest": {
                "ext-mbstring": "For best performance"
            },
            "type": "library",
            "extra": {
                "branch-alias": {
                    "dev-main": "1.28-dev"
                },
                "thanks": {
                    "name": "symfony/polyfill",
                    "url": "https://github.com/symfony/polyfill"
                }
            },
            "autoload": {
                "files": [
                    "bootstrap.php"
                ],
                "psr-4": {
                    "Symfony\\Polyfill\\Mbstring\\": ""
                }
            },
            "notification-url": "https://packagist.org/downloads/",
            "license": [
                "MIT"
            ],
            "authors": [
                {
                    "name": "Nicolas Grekas",
                    "email": "p@tchwork.com"
                },
                {
                    "name": "Symfony Community",
                    "homepage": "https://symfony.com/contributors"
                }
            ],
            "description": "Symfony polyfill for the Mbstring extension",
            "homepage": "https://symfony.com",
            "keywords": [
                "compatibility",
                "mbstring",
                "polyfill",
                "portable",
                "shim"
            ],
            "support": {
                "source": "https://github.com/symfony/polyfill-mbstring/tree/v1.28.0"
            },
            "funding": [
                {
                    "url": "https://symfony.com/sponsor",
                    "type": "custom"
                },
                {
                    "url": "https://github.com/fabpot",
                    "type": "github"
                },
                {
                    "url": "https://tidelift.com/funding/github/packagist/symfony/symfony",
                    "type": "tidelift"
                }
            ],
            "time": "2023-07-28T09:04:16+00:00"
        },
        {
            "name": "symfony/polyfill-php72",
            "version": "v1.28.0",
            "source": {
                "type": "git",
                "url": "https://github.com/symfony/polyfill-php72.git",
                "reference": "70f4aebd92afca2f865444d30a4d2151c13c3179"
            },
            "dist": {
                "type": "zip",
                "url": "https://api.github.com/repos/symfony/polyfill-php72/zipball/70f4aebd92afca2f865444d30a4d2151c13c3179",
                "reference": "70f4aebd92afca2f865444d30a4d2151c13c3179",
                "shasum": ""
            },
            "require": {
                "php": ">=7.1"
            },
            "type": "library",
            "extra": {
                "branch-alias": {
                    "dev-main": "1.28-dev"
                },
                "thanks": {
                    "name": "symfony/polyfill",
                    "url": "https://github.com/symfony/polyfill"
                }
            },
            "autoload": {
                "files": [
                    "bootstrap.php"
                ],
                "psr-4": {
                    "Symfony\\Polyfill\\Php72\\": ""
                }
            },
            "notification-url": "https://packagist.org/downloads/",
            "license": [
                "MIT"
            ],
            "authors": [
                {
                    "name": "Nicolas Grekas",
                    "email": "p@tchwork.com"
                },
                {
                    "name": "Symfony Community",
                    "homepage": "https://symfony.com/contributors"
                }
            ],
            "description": "Symfony polyfill backporting some PHP 7.2+ features to lower PHP versions",
            "homepage": "https://symfony.com",
            "keywords": [
                "compatibility",
                "polyfill",
                "portable",
                "shim"
            ],
            "support": {
                "source": "https://github.com/symfony/polyfill-php72/tree/v1.28.0"
            },
            "funding": [
                {
                    "url": "https://symfony.com/sponsor",
                    "type": "custom"
                },
                {
                    "url": "https://github.com/fabpot",
                    "type": "github"
                },
                {
                    "url": "https://tidelift.com/funding/github/packagist/symfony/symfony",
                    "type": "tidelift"
                }
            ],
            "time": "2023-01-26T09:26:14+00:00"
        },
        {
            "name": "timber/timber",
            "version": "1.22.1",
            "source": {
                "type": "git",
                "url": "https://github.com/timber/timber.git",
                "reference": "57fc582c42519f1b05fff5fb2ebf4291b5cd638f"
            },
            "dist": {
                "type": "zip",
                "url": "https://api.github.com/repos/timber/timber/zipball/57fc582c42519f1b05fff5fb2ebf4291b5cd638f",
                "reference": "57fc582c42519f1b05fff5fb2ebf4291b5cd638f",
                "shasum": ""
            },
            "require": {
                "composer/installers": "^1.0 || ^2.0",
                "php": ">=7.2.5 || ^8.0",
                "twig/cache-extension": "^1.5",
                "twig/twig": "^1.44.7 || ^2.10",
                "upstatement/routes": "^0.9"
            },
            "require-dev": {
                "wpackagist-plugin/advanced-custom-fields": "^5.0",
                "wpackagist-plugin/co-authors-plus": "^3.2 || ^3.4",
                "yoast/wp-test-utils": "^1.0"
            },
            "suggest": {
                "satooshi/php-coveralls": "1.0.* for code coverage"
            },
            "type": "library",
            "autoload": {
                "psr-4": {
                    "Timber\\": "lib/"
                }
            },
            "notification-url": "https://packagist.org/downloads/",
            "license": [
                "MIT"
            ],
            "authors": [
                {
                    "name": "Jared Novack",
                    "email": "jared@upstatement.com",
                    "homepage": "http://upstatement.com"
                },
                {
                    "name": "Connor J. Burton",
                    "email": "connorjburton@gmail.com",
                    "homepage": "http://connorburton.com"
                }
            ],
            "description": "Plugin to write WordPress themes w Object-Oriented Code and the Twig Template Engine",
            "homepage": "http://timber.upstatement.com",
            "keywords": [
                "templating",
                "themes",
                "timber",
                "twig"
            ],
            "support": {
                "docs": "https://timber.github.io/docs/",
                "issues": "https://github.com/timber/timber/issues",
                "source": "https://github.com/timber/timber"
            },
            "time": "2022-11-24T03:42:29+00:00"
        },
        {
            "name": "twig/cache-extension",
            "version": "v1.5.0",
            "source": {
                "type": "git",
                "url": "https://github.com/twigphp/twig-cache-extension.git",
                "reference": "2c243643f59132194458bd03c745b079bbb12e78"
            },
            "dist": {
                "type": "zip",
                "url": "https://api.github.com/repos/twigphp/twig-cache-extension/zipball/2c243643f59132194458bd03c745b079bbb12e78",
                "reference": "2c243643f59132194458bd03c745b079bbb12e78",
                "shasum": ""
            },
            "require": {
                "php": ">=5.3.2",
                "twig/twig": "^1.38|^2.4|^3.0"
            },
            "require-dev": {
                "doctrine/cache": "~1.0",
                "phpunit/phpunit": "^5.0 || ^4.8.36",
                "psr/cache": "^1.0",
                "sebastian/comparator": "^1.2.4|^2.0"
            },
            "suggest": {
                "psr/cache-implementation": "To make use of PSR-6 cache implementation via PsrCacheAdapter."
            },
            "type": "library",
            "extra": {
                "branch-alias": {
                    "dev-master": "1.5-dev"
                }
            },
            "autoload": {
                "psr-4": {
                    "": "lib/"
                }
            },
            "notification-url": "https://packagist.org/downloads/",
            "license": [
                "MIT"
            ],
            "authors": [
                {
                    "name": "Alexander",
                    "email": "iam.asm89@gmail.com"
                }
            ],
            "description": "Cache fragments of templates directly within Twig.",
            "homepage": "https://github.com/twigphp/twig-cache-extension",
            "keywords": [
                "cache",
                "extension",
                "twig"
            ],
            "support": {
                "issues": "https://github.com/twigphp/twig-cache-extension/issues",
                "source": "https://github.com/twigphp/twig-cache-extension/tree/v1.5.0"
            },
            "funding": [
                {
                    "url": "https://github.com/fabpot",
                    "type": "github"
                },
                {
                    "url": "https://tidelift.com/funding/github/packagist/twig/twig",
                    "type": "tidelift"
                }
            ],
            "abandoned": "twig/cache-extra",
            "time": "2020-10-04T09:56:48+00:00"
        },
        {
            "name": "twig/twig",
            "version": "v2.15.5",
            "source": {
                "type": "git",
                "url": "https://github.com/twigphp/Twig.git",
                "reference": "fc02a6af3eeb97c4bf5650debc76c2eda85ac22e"
            },
            "dist": {
                "type": "zip",
                "url": "https://api.github.com/repos/twigphp/Twig/zipball/fc02a6af3eeb97c4bf5650debc76c2eda85ac22e",
                "reference": "fc02a6af3eeb97c4bf5650debc76c2eda85ac22e",
                "shasum": ""
            },
            "require": {
                "php": ">=7.1.3",
                "symfony/polyfill-ctype": "^1.8",
                "symfony/polyfill-mbstring": "^1.3",
                "symfony/polyfill-php72": "^1.8"
            },
            "require-dev": {
                "psr/container": "^1.0",
                "symfony/phpunit-bridge": "^4.4.9|^5.0.9|^6.0"
            },
            "type": "library",
            "extra": {
                "branch-alias": {
                    "dev-master": "2.15-dev"
                }
            },
            "autoload": {
                "psr-0": {
                    "Twig_": "lib/"
                },
                "psr-4": {
                    "Twig\\": "src/"
                }
            },
            "notification-url": "https://packagist.org/downloads/",
            "license": [
                "BSD-3-Clause"
            ],
            "authors": [
                {
                    "name": "Fabien Potencier",
                    "email": "fabien@symfony.com",
                    "homepage": "http://fabien.potencier.org",
                    "role": "Lead Developer"
                },
                {
                    "name": "Twig Team",
                    "role": "Contributors"
                },
                {
                    "name": "Armin Ronacher",
                    "email": "armin.ronacher@active-4.com",
                    "role": "Project Founder"
                }
            ],
            "description": "Twig, the flexible, fast, and secure template language for PHP",
            "homepage": "https://twig.symfony.com",
            "keywords": [
                "templating"
            ],
            "support": {
                "issues": "https://github.com/twigphp/Twig/issues",
                "source": "https://github.com/twigphp/Twig/tree/v2.15.5"
            },
            "funding": [
                {
                    "url": "https://github.com/fabpot",
                    "type": "github"
                },
                {
                    "url": "https://tidelift.com/funding/github/packagist/twig/twig",
                    "type": "tidelift"
                }
            ],
            "time": "2023-05-03T17:49:41+00:00"
        },
        {
            "name": "upstatement/routes",
            "version": "0.9.1",
            "source": {
                "type": "git",
                "url": "https://github.com/Upstatement/routes.git",
                "reference": "cac3c844ab824e4039fd26edbea5402415aa6d0a"
            },
            "dist": {
                "type": "zip",
                "url": "https://api.github.com/repos/Upstatement/routes/zipball/cac3c844ab824e4039fd26edbea5402415aa6d0a",
                "reference": "cac3c844ab824e4039fd26edbea5402415aa6d0a",
                "shasum": ""
            },
            "require": {
                "altorouter/altorouter": "^2.0.2",
                "composer/installers": "^1.0 || ^2.0",
                "php": ">=5.6.0|7.*"
            },
            "require-dev": {
                "phpunit/phpunit": "5.7.16",
                "satooshi/php-coveralls": "*",
                "wp-cli/wp-cli": "*"
            },
            "type": "library",
            "autoload": {
                "psr-0": {
                    "Routes": ""
                }
            },
            "notification-url": "https://packagist.org/downloads/",
            "license": [
                "MIT"
            ],
            "authors": [
                {
                    "name": "Jared Novack",
                    "email": "jared@upstatement.com",
                    "homepage": "https://www.upstatement.com"
                }
            ],
            "description": "Manage rewrites and routes in WordPress with this dead-simple plugin",
            "homepage": "https://www.upstatement.com",
            "keywords": [
                "redirects",
                "rewrite",
                "routes",
                "routing"
            ],
            "support": {
                "issues": "https://github.com/Upstatement/routes/issues",
                "source": "https://github.com/Upstatement/routes",
                "wiki": "https://github.com/Upstatement/routes/wiki"
            },
            "time": "2022-06-22T19:53:51+00:00"
        }
    ],
    "packages-dev": [],
    "aliases": [],
    "minimum-stability": "stable",
    "stability-flags": [],
    "prefer-stable": false,
    "prefer-lowest": false,
    "platform": {
        "php": ">=8.2"
    },
    "platform-dev": [],
    "plugin-api-version": "2.6.0"
}
